
Microsoft Visual Studio Solution File, Format Version 12.00
# Visual Studio Version 17
VisualStudioVersion = 17.10.35013.160
MinimumVisualStudioVersion = 10.0.40219.1
Project("{9A19103F-16F7-4668-BE54-9A1E7A4F7556}") = "SimpleBookCatalog.Domain", "SimpleBookCatalog.Domain\SimpleBookCatalog.Domain.csproj", "{D8105E6F-70C2-4E67-8723-0F737D2E85D7}"
EndProject
Project("{9A19103F-16F7-4668-BE54-9A1E7A4F7556}") = "SimpleBookCatalog.Application", "SimpleBookCatalog.Application\SimpleBookCatalog.Application.csproj", "{2BAD5B24-B3B2-4641-9519-2FC19912A4C7}"
EndProject
Project("{9A19103F-16F7-4668-BE54-9A1E7A4F7556}") = "SimpleBookCatalog.Infrastructure", "SimpleBookCatalog.Infrastructure\SimpleBookCatalog.Infrastructure.csproj", "{3F2CAD6B-E728-4055-982E-41488FA3F97F}"
EndProject
Project("{9A19103F-16F7-4668-BE54-9A1E7A4F7556}") = "SimpleBookCatalog", "SimpleBookCatalog\SimpleBookCatalog.csproj", "{02C18BAA-C876-4EDA-92C4-0DC95420FBED}"
EndProject
Global
	GlobalSection(SolutionConfigurationPlatforms) = preSolution
		Debug|Any CPU = Debug|Any CPU
		Release|Any CPU = Release|Any CPU
	EndGlobalSection
	GlobalSection(ProjectConfigurationPlatforms) = postSolution
		{D8105E6F-70C2-4E67-8723-0F737D2E85D7}.Debug|Any CPU.ActiveCfg = Debug|Any CPU
		{D8105E6F-70C2-4E67-8723-0F737D2E85D7}.Debug|Any CPU.Build.0 = Debug|Any CPU
		{D8105E6F-70C2-4E67-8723-0F737D2E85D7}.Release|Any CPU.ActiveCfg = Release|Any CPU
		{D8105E6F-70C2-4E67-8723-0F737D2E85D7}.Release|Any CPU.Build.0 = Release|Any CPU
		{2BAD5B24-B3B2-4641-9519-2FC19912A4C7}.Debug|Any CPU.ActiveCfg = Debug|Any CPU
		{2BAD5B24-B3B2-4641-9519-2FC19912A4C7}.Debug|Any CPU.Build.0 = Debug|Any CPU
		{2BAD5B24-B3B2-4641-9519-2FC19912A4C7}.Release|Any CPU.ActiveCfg = Release|Any CPU
		{2BAD5B24-B3B2-4641-9519-2FC19912A4C7}.Release|Any CPU.Build.0 = Release|Any CPU
		{3F2CAD6B-E728-4055-982E-41488FA3F97F}.Debug|Any CPU.ActiveCfg = Debug|Any CPU
		{3F2CAD6B-E728-4055-982E-41488FA3F97F}.Debug|Any CPU.Build.0 = Debug|Any CPU
		{3F2CAD6B-E728-4055-982E-41488FA3F97F}.Release|Any CPU.ActiveCfg = Release|Any CPU
		{3F2CAD6B-E728-4055-982E-41488FA3F97F}.Release|Any CPU.Build.0 = Release|Any CPU
		{02C18BAA-C876-4EDA-92C4-0DC95420FBED}.Debug|Any CPU.ActiveCfg = Debug|Any CPU
		{02C18BAA-C876-4EDA-92C4-0DC95420FBED}.Debug|Any CPU.Build.0 = Debug|Any CPU
		{02C18BAA-C876-4EDA-92C4-0DC95420FBED}.Release|Any CPU.ActiveCfg = Release|Any CPU
		{02C18BAA-C876-4EDA-92C4-0DC95420FBED}.Release|Any CPU.Build.0 = Release|Any CPU
	EndGlobalSection
	GlobalSection(SolutionProperties) = preSolution
		HideSolutionNode = FALSE
	EndGlobalSection
	GlobalSection(ExtensibilityGlobals) = postSolution
		SolutionGuid = {7C078EF6-3F97-403A-A3D8-04EBBE38CAC3}
	EndGlobalSection
EndGlobal
